
Microsoft Visual Studio Solution File, Format Version 12.00
# Visual Studio Version 16
VisualStudioVersion = 16.0.32602.291
MinimumVisualStudioVersion = 10.0.40219.1
Project("{FAE04EC0-301F-11D3-BF4B-00C04F79EFBC}") = "Xadrez-Console", "Xadrez-Console\Xadrez-Console.csproj", "{F63593BD-2EF6-40AE-9C15-C97DD29F4710}"
EndProject
Global
	GlobalSection(SolutionConfigurationPlatforms) = preSolution
		Debug|Any CPU = Debug|Any CPU
		Release|Any CPU = Release|Any CPU
	EndGlobalSection
	GlobalSection(ProjectConfigurationPlatforms) = postSolution
		{F63593BD-2EF6-40AE-9C15-C97DD29F4710}.Debug|Any CPU.ActiveCfg = Debug|Any CPU
		{F63593BD-2EF6-40AE-9C15-C97DD29F4710}.Debug|Any CPU.Build.0 = Debug|Any CPU
		{F63593BD-2EF6-40AE-9C15-C97DD29F4710}.Release|Any CPU.ActiveCfg = Release|Any CPU
		{F63593BD-2EF6-40AE-9C15-C97DD29F4710}.Release|Any CPU.Build.0 = Release|Any CPU
	EndGlobalSection
	GlobalSection(SolutionProperties) = preSolution
		HideSolutionNode = FALSE
	EndGlobalSection
	GlobalSection(ExtensibilityGlobals) = postSolution
		SolutionGuid = {9B2CEE77-53CB-4979-880D-FE1F9A95BB20}
	EndGlobalSection
EndGlobal
